{
  "pins" : [
    {
      "identity" : "filewatcher",
      "kind" : "remoteSourceControl",
      "location" : "https://github.com/eonist/FileWatcher.git",
      "state" : {
        "branch" : "master",
        "revision" : "c13de4677956176c12df423e8579f7a14728ca6f"
      }
    },
    {
      "identity" : "multipartformdatakit",
      "kind" : "remoteSourceControl",
      "location" : "https://github.com/Kuniwak/MultipartFormDataKit",
      "state" : {
        "branch" : "master",
        "revision" : "666c1715f6e70f4589d11ae2936eb16bf018ccd4"
      }
    },
    {
      "identity" : "preferences",
      "kind" : "remoteSourceControl",
      "location" : "https://github.com/sindresorhus/Preferences",
      "state" : {
        "revision" : "11e232f5f928ff9bf5260f40b6b40047ae37c9f2",
        "version" : "3.0.2"
      }
    },
    {
      "identity" : "swift-collections",
      "kind" : "remoteSourceControl",
      "location" : "https://github.com/apple/swift-collections.git",
      "state" : {
        "branch" : "release/1.1",
        "revision" : "9eece74f39c2c103118c46a5731f058e68c746bf"
      }
    },
    {
      "identity" : "tinyconstraints",
      "kind" : "remoteSourceControl",
      "location" : "https://github.com/roberthein/TinyConstraints.git",
      "state" : {
        "branch" : "master",
        "revision" : "a89996a77d364eb85abdd09d42d2274e35ba56dc"
      }
    }
  ],
  "version" : 2
}
