// !$*UTF8*$!
{
	archiveVersion = 1;
	classes = {
	};
	objectVersion = 56;
	objects = {

/* Begin PBXBuildFile section */
		9E2DAC212A44C2EA00E5CF06 /* main.swift in Sources */ = {isa = PBXBuildFile; fileRef = 9E2DAC202A44C2EA00E5CF06 /* main.swift */; };
		9E3850F32A44FD7600B6A56F /* AssistWindow.swift in Sources */ = {isa = PBXBuildFile; fileRef = 9E3850F22A44FD7600B6A56F /* AssistWindow.swift */; };
		9E61CFD62A45A7470040EC29 /* Ingester.swift in Sources */ = {isa = PBXBuildFile; fileRef = 9ECCB0DF2A1B8727002F1239 /* Ingester.swift */; };
		9EBE4B2F2A1C2E100014975D /* OSLog+Extensions.swift in Sources */ = {isa = PBXBuildFile; fileRef = 9ECCB0DC2A1B85DA002F1239 /* OSLog+Extensions.swift */; };
		9EBE4B322A1C30960014975D /* VectorManager.swift in Sources */ = {isa = PBXBuildFile; fileRef = 9EBE4B302A1C30960014975D /* VectorManager.swift */; };
		9EBE4B332A1C30F50014975D /* NetworkService.swift in Sources */ = {isa = PBXBuildFile; fileRef = 9ECCB1072A1B9E51002F1239 /* NetworkService.swift */; };
		9EBE4B342A1C30FD0014975D /* RequestError.swift in Sources */ = {isa = PBXBuildFile; fileRef = 9ECCB1042A1B9E51002F1239 /* RequestError.swift */; };
		9EBE4B352A1C30FD0014975D /* Endpoint.swift in Sources */ = {isa = PBXBuildFile; fileRef = 9ECCB1052A1B9E51002F1239 /* Endpoint.swift */; };
		9EBE4B362A1C30FD0014975D /* HttpClient.swift in Sources */ = {isa = PBXBuildFile; fileRef = 9ECCB1022A1B9E51002F1239 /* HttpClient.swift */; };
		9EBE4B372A1C30FD0014975D /* RequestMethod.swift in Sources */ = {isa = PBXBuildFile; fileRef = 9ECCB1032A1B9E51002F1239 /* RequestMethod.swift */; };
		9EBE4B382A1C31040014975D /* PineconeUpsertResponse.swift in Sources */ = {isa = PBXBuildFile; fileRef = 9ECCB11F2A1BFD42002F1239 /* PineconeUpsertResponse.swift */; };
		9EBE4B392A1C31040014975D /* EmbeddingResponse.swift in Sources */ = {isa = PBXBuildFile; fileRef = 9ECCB0EA2A1B945B002F1239 /* EmbeddingResponse.swift */; };
		9EBE4B3A2A1C31070014975D /* EmbeddingsEndpoint.swift in Sources */ = {isa = PBXBuildFile; fileRef = 9ECCB0F02A1B9E51002F1239 /* EmbeddingsEndpoint.swift */; };
		9EBE4B3B2A1C31070014975D /* PineconeEndpoint.swift in Sources */ = {isa = PBXBuildFile; fileRef = 9ECCB11D2A1BADEA002F1239 /* PineconeEndpoint.swift */; };
		9EBE4B3C2A1C316C0014975D /* Data+Extensions.swift in Sources */ = {isa = PBXBuildFile; fileRef = 9ECCB0E52A1B9333002F1239 /* Data+Extensions.swift */; };
		9EBE4B402A1C33B50014975D /* QueryMatch.swift in Sources */ = {isa = PBXBuildFile; fileRef = 9EBE4B3E2A1C33B50014975D /* QueryMatch.swift */; };
		9EBE4B432A1CE6F20014975D /* PineconeQueryResponse.swift in Sources */ = {isa = PBXBuildFile; fileRef = 9EBE4B412A1CE6F20014975D /* PineconeQueryResponse.swift */; };
		9EBE4B452A1CF5910014975D /* template.txt in Resources */ = {isa = PBXBuildFile; fileRef = 9EBE4B442A1CF5910014975D /* template.txt */; };
		9EBE4B4A2A1D6D6C0014975D /* EmbeddingData.swift in Sources */ = {isa = PBXBuildFile; fileRef = 9EBE4B482A1D6D6C0014975D /* EmbeddingData.swift */; };
		9EBE4B4C2A1D6E1D0014975D /* GPTManager.swift in Sources */ = {isa = PBXBuildFile; fileRef = 9EBE4B4B2A1D6E1D0014975D /* GPTManager.swift */; };
		9EBE4B4F2A1D75B40014975D /* AskGPTResponse.swift in Sources */ = {isa = PBXBuildFile; fileRef = 9EBE4B4E2A1D75B40014975D /* AskGPTResponse.swift */; };
		9ECCB12A2A1C2727002F1239 /* AppDelegate.swift in Sources */ = {isa = PBXBuildFile; fileRef = 9ECCB1292A1C2727002F1239 /* AppDelegate.swift */; };
		9ECCB12C2A1C2727002F1239 /* ViewController.swift in Sources */ = {isa = PBXBuildFile; fileRef = 9ECCB12B2A1C2727002F1239 /* ViewController.swift */; };
		9ECCB12E2A1C2728002F1239 /* Assets.xcassets in Resources */ = {isa = PBXBuildFile; fileRef = 9ECCB12D2A1C2728002F1239 /* Assets.xcassets */; };
		9ECCB1312A1C2728002F1239 /* Main.storyboard in Resources */ = {isa = PBXBuildFile; fileRef = 9ECCB12F2A1C2728002F1239 /* Main.storyboard */; };
/* End PBXBuildFile section */

/* Begin PBXFileReference section */
		9E2DAC202A44C2EA00E5CF06 /* main.swift */ = {isa = PBXFileReference; fileEncoding = 4; lastKnownFileType = sourcecode.swift; path = main.swift; sourceTree = "<group>"; };
		9E3850F22A44FD7600B6A56F /* AssistWindow.swift */ = {isa = PBXFileReference; lastKnownFileType = sourcecode.swift; path = AssistWindow.swift; sourceTree = "<group>"; };
		9EBE4B302A1C30960014975D /* VectorManager.swift */ = {isa = PBXFileReference; lastKnownFileType = sourcecode.swift; path = VectorManager.swift; sourceTree = "<group>"; };
		9EBE4B3E2A1C33B50014975D /* QueryMatch.swift */ = {isa = PBXFileReference; lastKnownFileType = sourcecode.swift; path = QueryMatch.swift; sourceTree = "<group>"; };
		9EBE4B412A1CE6F20014975D /* PineconeQueryResponse.swift */ = {isa = PBXFileReference; lastKnownFileType = sourcecode.swift; path = PineconeQueryResponse.swift; sourceTree = "<group>"; };
		9EBE4B442A1CF5910014975D /* template.txt */ = {isa = PBXFileReference; lastKnownFileType = text; path = template.txt; sourceTree = "<group>"; };
		9EBE4B482A1D6D6C0014975D /* EmbeddingData.swift */ = {isa = PBXFileReference; lastKnownFileType = sourcecode.swift; path = EmbeddingData.swift; sourceTree = "<group>"; };
		9EBE4B4B2A1D6E1D0014975D /* GPTManager.swift */ = {isa = PBXFileReference; lastKnownFileType = sourcecode.swift; path = GPTManager.swift; sourceTree = "<group>"; };
		9EBE4B4E2A1D75B40014975D /* AskGPTResponse.swift */ = {isa = PBXFileReference; lastKnownFileType = sourcecode.swift; path = AskGPTResponse.swift; sourceTree = "<group>"; };
		9ECCB0DC2A1B85DA002F1239 /* OSLog+Extensions.swift */ = {isa = PBXFileReference; fileEncoding = 4; lastKnownFileType = sourcecode.swift; path = "OSLog+Extensions.swift"; sourceTree = "<group>"; };
		9ECCB0DF2A1B8727002F1239 /* Ingester.swift */ = {isa = PBXFileReference; lastKnownFileType = sourcecode.swift; path = Ingester.swift; sourceTree = "<group>"; };
		9ECCB0E52A1B9333002F1239 /* Data+Extensions.swift */ = {isa = PBXFileReference; fileEncoding = 4; lastKnownFileType = sourcecode.swift; path = "Data+Extensions.swift"; sourceTree = "<group>"; };
		9ECCB0EA2A1B945B002F1239 /* EmbeddingResponse.swift */ = {isa = PBXFileReference; fileEncoding = 4; lastKnownFileType = sourcecode.swift; path = EmbeddingResponse.swift; sourceTree = "<group>"; };
		9ECCB0F02A1B9E51002F1239 /* EmbeddingsEndpoint.swift */ = {isa = PBXFileReference; fileEncoding = 4; lastKnownFileType = sourcecode.swift; path = EmbeddingsEndpoint.swift; sourceTree = "<group>"; };
		9ECCB1022A1B9E51002F1239 /* HttpClient.swift */ = {isa = PBXFileReference; fileEncoding = 4; lastKnownFileType = sourcecode.swift; path = HttpClient.swift; sourceTree = "<group>"; };
		9ECCB1032A1B9E51002F1239 /* RequestMethod.swift */ = {isa = PBXFileReference; fileEncoding = 4; lastKnownFileType = sourcecode.swift; path = RequestMethod.swift; sourceTree = "<group>"; };
		9ECCB1042A1B9E51002F1239 /* RequestError.swift */ = {isa = PBXFileReference; fileEncoding = 4; lastKnownFileType = sourcecode.swift; path = RequestError.swift; sourceTree = "<group>"; };
		9ECCB1052A1B9E51002F1239 /* Endpoint.swift */ = {isa = PBXFileReference; fileEncoding = 4; lastKnownFileType = sourcecode.swift; path = Endpoint.swift; sourceTree = "<group>"; };
		9ECCB1072A1B9E51002F1239 /* NetworkService.swift */ = {isa = PBXFileReference; fileEncoding = 4; lastKnownFileType = sourcecode.swift; path = NetworkService.swift; sourceTree = "<group>"; };
		9ECCB11D2A1BADEA002F1239 /* PineconeEndpoint.swift */ = {isa = PBXFileReference; lastKnownFileType = sourcecode.swift; path = PineconeEndpoint.swift; sourceTree = "<group>"; };
		9ECCB11F2A1BFD42002F1239 /* PineconeUpsertResponse.swift */ = {isa = PBXFileReference; lastKnownFileType = sourcecode.swift; path = PineconeUpsertResponse.swift; sourceTree = "<group>"; };
		9ECCB1272A1C2727002F1239 /* AssistAI.app */ = {isa = PBXFileReference; explicitFileType = wrapper.application; includeInIndex = 0; path = AssistAI.app; sourceTree = BUILT_PRODUCTS_DIR; };
		9ECCB1292A1C2727002F1239 /* AppDelegate.swift */ = {isa = PBXFileReference; lastKnownFileType = sourcecode.swift; path = AppDelegate.swift; sourceTree = "<group>"; };
		9ECCB12B2A1C2727002F1239 /* ViewController.swift */ = {isa = PBXFileReference; lastKnownFileType = sourcecode.swift; path = ViewController.swift; sourceTree = "<group>"; };
		9ECCB12D2A1C2728002F1239 /* Assets.xcassets */ = {isa = PBXFileReference; lastKnownFileType = folder.assetcatalog; path = Assets.xcassets; sourceTree = "<group>"; };
		9ECCB1302A1C2728002F1239 /* Base */ = {isa = PBXFileReference; lastKnownFileType = file.storyboard; name = Base; path = Base.lproj/Main.storyboard; sourceTree = "<group>"; };
/* End PBXFileReference section */

/* Begin PBXFrameworksBuildPhase section */
		9ECCB1242A1C2727002F1239 /* Frameworks */ = {
			isa = PBXFrameworksBuildPhase;
			buildActionMask = 2147483647;
			files = (
			);
			runOnlyForDeploymentPostprocessing = 0;
		};
/* End PBXFrameworksBuildPhase section */

/* Begin PBXGroup section */
		9EBE4B3D2A1C33B00014975D /* Models */ = {
			isa = PBXGroup;
			children = (
				9EBE4B3E2A1C33B50014975D /* QueryMatch.swift */,
				9EBE4B482A1D6D6C0014975D /* EmbeddingData.swift */,
			);
			path = Models;
			sourceTree = "<group>";
		};
		9EBE4B462A1D6B220014975D /* Shared */ = {
			isa = PBXGroup;
			children = (
				9EBE4B4D2A1D6E630014975D /* Managers */,
				9EBE4B3D2A1C33B00014975D /* Models */,
				9ECCB0ED2A1B9E51002F1239 /* Network */,
				9ECCB0DE2A1B85DD002F1239 /* Extensions */,
			);
			path = Shared;
			sourceTree = "<group>";
		};
		9EBE4B472A1D6B950014975D /* Resources */ = {
			isa = PBXGroup;
			children = (
				9ECCB12D2A1C2728002F1239 /* Assets.xcassets */,
				9EBE4B442A1CF5910014975D /* template.txt */,
			);
			path = Resources;
			sourceTree = "<group>";
		};
		9EBE4B4D2A1D6E630014975D /* Managers */ = {
			isa = PBXGroup;
			children = (
				9EBE4B302A1C30960014975D /* VectorManager.swift */,
			);
			path = Managers;
			sourceTree = "<group>";
		};
		9ECCB0AD2A0445B6002F1239 = {
			isa = PBXGroup;
			children = (
				9ECCB1282A1C2727002F1239 /* AssistAI */,
				9EBE4B462A1D6B220014975D /* Shared */,
				9ECCB0B72A0445B6002F1239 /* Products */,
				9ECCB0C42A06C763002F1239 /* Frameworks */,
			);
			sourceTree = "<group>";
		};
		9ECCB0B72A0445B6002F1239 /* Products */ = {
			isa = PBXGroup;
			children = (
				9ECCB1272A1C2727002F1239 /* AssistAI.app */,
			);
			name = Products;
			sourceTree = "<group>";
		};
		9ECCB0C42A06C763002F1239 /* Frameworks */ = {
			isa = PBXGroup;
			children = (
			);
			name = Frameworks;
			sourceTree = "<group>";
		};
		9ECCB0DE2A1B85DD002F1239 /* Extensions */ = {
			isa = PBXGroup;
			children = (
				9ECCB0E52A1B9333002F1239 /* Data+Extensions.swift */,
				9ECCB0DC2A1B85DA002F1239 /* OSLog+Extensions.swift */,
			);
			path = Extensions;
			sourceTree = "<group>";
		};
		9ECCB0ED2A1B9E51002F1239 /* Network */ = {
			isa = PBXGroup;
			children = (
				9ECCB0EE2A1B9E51002F1239 /* Endpoints */,
				9ECCB0F32A1B9E51002F1239 /* Responses */,
				9ECCB1012A1B9E51002F1239 /* Base */,
				9ECCB1062A1B9E51002F1239 /* Services */,
			);
			path = Network;
			sourceTree = "<group>";
		};
		9ECCB0EE2A1B9E51002F1239 /* Endpoints */ = {
			isa = PBXGroup;
			children = (
				9ECCB0F02A1B9E51002F1239 /* EmbeddingsEndpoint.swift */,
				9ECCB11D2A1BADEA002F1239 /* PineconeEndpoint.swift */,
			);
			path = Endpoints;
			sourceTree = "<group>";
		};
		9ECCB0F32A1B9E51002F1239 /* Responses */ = {
			isa = PBXGroup;
			children = (
				9ECCB0EA2A1B945B002F1239 /* EmbeddingResponse.swift */,
				9EBE4B4E2A1D75B40014975D /* AskGPTResponse.swift */,
				9ECCB11F2A1BFD42002F1239 /* PineconeUpsertResponse.swift */,
				9EBE4B412A1CE6F20014975D /* PineconeQueryResponse.swift */,
			);
			path = Responses;
			sourceTree = "<group>";
		};
		9ECCB1012A1B9E51002F1239 /* Base */ = {
			isa = PBXGroup;
			children = (
				9ECCB1022A1B9E51002F1239 /* HttpClient.swift */,
				9ECCB1032A1B9E51002F1239 /* RequestMethod.swift */,
				9ECCB1042A1B9E51002F1239 /* RequestError.swift */,
				9ECCB1052A1B9E51002F1239 /* Endpoint.swift */,
			);
			path = Base;
			sourceTree = "<group>";
		};
		9ECCB1062A1B9E51002F1239 /* Services */ = {
			isa = PBXGroup;
			children = (
				9ECCB1072A1B9E51002F1239 /* NetworkService.swift */,
			);
			path = Services;
			sourceTree = "<group>";
		};
		9ECCB1282A1C2727002F1239 /* AssistAI */ = {
			isa = PBXGroup;
			children = (
				9E2DAC202A44C2EA00E5CF06 /* main.swift */,
				9ECCB1292A1C2727002F1239 /* AppDelegate.swift */,
				9ECCB12B2A1C2727002F1239 /* ViewController.swift */,
				9EBE4B4B2A1D6E1D0014975D /* GPTManager.swift */,
				9ECCB0DF2A1B8727002F1239 /* Ingester.swift */,
				9ECCB12F2A1C2728002F1239 /* Main.storyboard */,
				9E3850F22A44FD7600B6A56F /* AssistWindow.swift */,
				9EBE4B472A1D6B950014975D /* Resources */,
			);
			path = AssistAI;
			sourceTree = "<group>";
		};
/* End PBXGroup section */

/* Begin PBXNativeTarget section */
		9ECCB1262A1C2727002F1239 /* AssistAI */ = {
			isa = PBXNativeTarget;
			buildConfigurationList = 9ECCB1332A1C2728002F1239 /* Build configuration list for PBXNativeTarget "AssistAI" */;
			buildPhases = (
				9ECCB1232A1C2727002F1239 /* Sources */,
				9ECCB1242A1C2727002F1239 /* Frameworks */,
				9ECCB1252A1C2727002F1239 /* Resources */,
			);
			buildRules = (
			);
			dependencies = (
			);
			name = AssistAI;
			productName = AssistAI;
			productReference = 9ECCB1272A1C2727002F1239 /* AssistAI.app */;
			productType = "com.apple.product-type.application";
		};
/* End PBXNativeTarget section */

/* Begin PBXProject section */
		9ECCB0AE2A0445B6002F1239 /* Project object */ = {
			isa = PBXProject;
			attributes = {
				BuildIndependentTargetsInParallel = 1;
				LastSwiftUpdateCheck = 1430;
				LastUpgradeCheck = 1430;
				TargetAttributes = {
					9ECCB1262A1C2727002F1239 = {
						CreatedOnToolsVersion = 14.3;
					};
				};
			};
			buildConfigurationList = 9ECCB0B12A0445B6002F1239 /* Build configuration list for PBXProject "AssistAI" */;
			compatibilityVersion = "Xcode 14.0";
			developmentRegion = en;
			hasScannedForEncodings = 0;
			knownRegions = (
				en,
				Base,
			);
			mainGroup = 9ECCB0AD2A0445B6002F1239;
			packageReferences = (
			);
			productRefGroup = 9ECCB0B72A0445B6002F1239 /* Products */;
			projectDirPath = "";
			projectRoot = "";
			targets = (
				9ECCB1262A1C2727002F1239 /* AssistAI */,
			);
		};
/* End PBXProject section */

/* Begin PBXResourcesBuildPhase section */
		9ECCB1252A1C2727002F1239 /* Resources */ = {
			isa = PBXResourcesBuildPhase;
			buildActionMask = 2147483647;
			files = (
				9ECCB12E2A1C2728002F1239 /* Assets.xcassets in Resources */,
				9EBE4B452A1CF5910014975D /* template.txt in Resources */,
				9ECCB1312A1C2728002F1239 /* Main.storyboard in Resources */,
			);
			runOnlyForDeploymentPostprocessing = 0;
		};
/* End PBXResourcesBuildPhase section */

/* Begin PBXSourcesBuildPhase section */
		9ECCB1232A1C2727002F1239 /* Sources */ = {
			isa = PBXSourcesBuildPhase;
			buildActionMask = 2147483647;
			files = (
				9EBE4B382A1C31040014975D /* PineconeUpsertResponse.swift in Sources */,
				9EBE4B3C2A1C316C0014975D /* Data+Extensions.swift in Sources */,
				9EBE4B352A1C30FD0014975D /* Endpoint.swift in Sources */,
				9E3850F32A44FD7600B6A56F /* AssistWindow.swift in Sources */,
				9EBE4B332A1C30F50014975D /* NetworkService.swift in Sources */,
				9EBE4B362A1C30FD0014975D /* HttpClient.swift in Sources */,
				9EBE4B4F2A1D75B40014975D /* AskGPTResponse.swift in Sources */,
				9E2DAC212A44C2EA00E5CF06 /* main.swift in Sources */,
				9ECCB12C2A1C2727002F1239 /* ViewController.swift in Sources */,
				9EBE4B342A1C30FD0014975D /* RequestError.swift in Sources */,
				9EBE4B4C2A1D6E1D0014975D /* GPTManager.swift in Sources */,
				9EBE4B3B2A1C31070014975D /* PineconeEndpoint.swift in Sources */,
				9EBE4B2F2A1C2E100014975D /* OSLog+Extensions.swift in Sources */,
				9EBE4B392A1C31040014975D /* EmbeddingResponse.swift in Sources */,
				9EBE4B4A2A1D6D6C0014975D /* EmbeddingData.swift in Sources */,
				9EBE4B402A1C33B50014975D /* QueryMatch.swift in Sources */,
				9E61CFD62A45A7470040EC29 /* Ingester.swift in Sources */,
				9ECCB12A2A1C2727002F1239 /* AppDelegate.swift in Sources */,
				9EBE4B432A1CE6F20014975D /* PineconeQueryResponse.swift in Sources */,
				9EBE4B372A1C30FD0014975D /* RequestMethod.swift in Sources */,
				9EBE4B3A2A1C31070014975D /* EmbeddingsEndpoint.swift in Sources */,
				9EBE4B322A1C30960014975D /* VectorManager.swift in Sources */,
			);
			runOnlyForDeploymentPostprocessing = 0;
		};
/* End PBXSourcesBuildPhase section */

/* Begin PBXVariantGroup section */
		9ECCB12F2A1C2728002F1239 /* Main.storyboard */ = {
			isa = PBXVariantGroup;
			children = (
				9ECCB1302A1C2728002F1239 /* Base */,
			);
			name = Main.storyboard;
			sourceTree = "<group>";
		};
/* End PBXVariantGroup section */

/* Begin XCBuildConfiguration section */
		9ECCB0BB2A0445B6002F1239 /* Debug */ = {
			isa = XCBuildConfiguration;
			buildSettings = {
				ALWAYS_SEARCH_USER_PATHS = NO;
				CLANG_ANALYZER_NONNULL = YES;
				CLANG_ANALYZER_NUMBER_OBJECT_CONVERSION = YES_AGGRESSIVE;
				CLANG_CXX_LANGUAGE_STANDARD = "gnu++20";
				CLANG_ENABLE_MODULES = YES;
				CLANG_ENABLE_OBJC_ARC = YES;
				CLANG_ENABLE_OBJC_WEAK = YES;
				CLANG_WARN_BLOCK_CAPTURE_AUTORELEASING = YES;
				CLANG_WARN_BOOL_CONVERSION = YES;
				CLANG_WARN_COMMA = YES;
				CLANG_WARN_CONSTANT_CONVERSION = YES;
				CLANG_WARN_DEPRECATED_OBJC_IMPLEMENTATIONS = YES;
				CLANG_WARN_DIRECT_OBJC_ISA_USAGE = YES_ERROR;
				CLANG_WARN_DOCUMENTATION_COMMENTS = YES;
				CLANG_WARN_EMPTY_BODY = YES;
				CLANG_WARN_ENUM_CONVERSION = YES;
				CLANG_WARN_INFINITE_RECURSION = YES;
				CLANG_WARN_INT_CONVERSION = YES;
				CLANG_WARN_NON_LITERAL_NULL_CONVERSION = YES;
				CLANG_WARN_OBJC_IMPLICIT_RETAIN_SELF = YES;
				CLANG_WARN_OBJC_LITERAL_CONVERSION = YES;
				CLANG_WARN_OBJC_ROOT_CLASS = YES_ERROR;
				CLANG_WARN_QUOTED_INCLUDE_IN_FRAMEWORK_HEADER = YES;
				CLANG_WARN_RANGE_LOOP_ANALYSIS = YES;
				CLANG_WARN_STRICT_PROTOTYPES = YES;
				CLANG_WARN_SUSPICIOUS_MOVE = YES;
				CLANG_WARN_UNGUARDED_AVAILABILITY = YES_AGGRESSIVE;
				CLANG_WARN_UNREACHABLE_CODE = YES;
				CLANG_WARN__DUPLICATE_METHOD_MATCH = YES;
				COPY_PHASE_STRIP = NO;
				DEBUG_INFORMATION_FORMAT = dwarf;
				ENABLE_STRICT_OBJC_MSGSEND = YES;
				ENABLE_TESTABILITY = YES;
				GCC_C_LANGUAGE_STANDARD = gnu11;
				GCC_DYNAMIC_NO_PIC = NO;
				GCC_NO_COMMON_BLOCKS = YES;
				GCC_OPTIMIZATION_LEVEL = 0;
				GCC_PREPROCESSOR_DEFINITIONS = (
					"DEBUG=1",
					"$(inherited)",
				);
				GCC_WARN_64_TO_32_BIT_CONVERSION = YES;
				GCC_WARN_ABOUT_RETURN_TYPE = YES_ERROR;
				GCC_WARN_UNDECLARED_SELECTOR = YES;
				GCC_WARN_UNINITIALIZED_AUTOS = YES_AGGRESSIVE;
				GCC_WARN_UNUSED_FUNCTION = YES;
				GCC_WARN_UNUSED_VARIABLE = YES;
				MACOSX_DEPLOYMENT_TARGET = 13.3;
				MTL_ENABLE_DEBUG_INFO = INCLUDE_SOURCE;
				MTL_FAST_MATH = YES;
				ONLY_ACTIVE_ARCH = YES;
				SDKROOT = macosx;
				SWIFT_ACTIVE_COMPILATION_CONDITIONS = DEBUG;
				SWIFT_OPTIMIZATION_LEVEL = "-Onone";
			};
			name = Debug;
		};
		9ECCB0BC2A0445B6002F1239 /* Release */ = {
			isa = XCBuildConfiguration;
			buildSettings = {
				ALWAYS_SEARCH_USER_PATHS = NO;
				CLANG_ANALYZER_NONNULL = YES;
				CLANG_ANALYZER_NUMBER_OBJECT_CONVERSION = YES_AGGRESSIVE;
				CLANG_CXX_LANGUAGE_STANDARD = "gnu++20";
				CLANG_ENABLE_MODULES = YES;
				CLANG_ENABLE_OBJC_ARC = YES;
				CLANG_ENABLE_OBJC_WEAK = YES;
				CLANG_WARN_BLOCK_CAPTURE_AUTORELEASING = YES;
				CLANG_WARN_BOOL_CONVERSION = YES;
				CLANG_WARN_COMMA = YES;
				CLANG_WARN_CONSTANT_CONVERSION = YES;
				CLANG_WARN_DEPRECATED_OBJC_IMPLEMENTATIONS = YES;
				CLANG_WARN_DIRECT_OBJC_ISA_USAGE = YES_ERROR;
				CLANG_WARN_DOCUMENTATION_COMMENTS = YES;
				CLANG_WARN_EMPTY_BODY = YES;
				CLANG_WARN_ENUM_CONVERSION = YES;
				CLANG_WARN_INFINITE_RECURSION = YES;
				CLANG_WARN_INT_CONVERSION = YES;
				CLANG_WARN_NON_LITERAL_NULL_CONVERSION = YES;
				CLANG_WARN_OBJC_IMPLICIT_RETAIN_SELF = YES;
				CLANG_WARN_OBJC_LITERAL_CONVERSION = YES;
				CLANG_WARN_OBJC_ROOT_CLASS = YES_ERROR;
				CLANG_WARN_QUOTED_INCLUDE_IN_FRAMEWORK_HEADER = YES;
				CLANG_WARN_RANGE_LOOP_ANALYSIS = YES;
				CLANG_WARN_STRICT_PROTOTYPES = YES;
				CLANG_WARN_SUSPICIOUS_MOVE = YES;
				CLANG_WARN_UNGUARDED_AVAILABILITY = YES_AGGRESSIVE;
				CLANG_WARN_UNREACHABLE_CODE = YES;
				CLANG_WARN__DUPLICATE_METHOD_MATCH = YES;
				COPY_PHASE_STRIP = NO;
				DEBUG_INFORMATION_FORMAT = "dwarf-with-dsym";
				ENABLE_NS_ASSERTIONS = NO;
				ENABLE_STRICT_OBJC_MSGSEND = YES;
				GCC_C_LANGUAGE_STANDARD = gnu11;
				GCC_NO_COMMON_BLOCKS = YES;
				GCC_WARN_64_TO_32_BIT_CONVERSION = YES;
				GCC_WARN_ABOUT_RETURN_TYPE = YES_ERROR;
				GCC_WARN_UNDECLARED_SELECTOR = YES;
				GCC_WARN_UNINITIALIZED_AUTOS = YES_AGGRESSIVE;
				GCC_WARN_UNUSED_FUNCTION = YES;
				GCC_WARN_UNUSED_VARIABLE = YES;
				MACOSX_DEPLOYMENT_TARGET = 13.3;
				MTL_ENABLE_DEBUG_INFO = NO;
				MTL_FAST_MATH = YES;
				SDKROOT = macosx;
				SWIFT_COMPILATION_MODE = wholemodule;
				SWIFT_OPTIMIZATION_LEVEL = "-O";
			};
			name = Release;
		};
		9ECCB1342A1C2728002F1239 /* Debug */ = {
			isa = XCBuildConfiguration;
			buildSettings = {
				ASSETCATALOG_COMPILER_APPICON_NAME = AppIcon;
				ASSETCATALOG_COMPILER_GLOBAL_ACCENT_COLOR_NAME = AccentColor;
				CODE_SIGN_STYLE = Automatic;
				COMBINE_HIDPI_IMAGES = YES;
				CURRENT_PROJECT_VERSION = 1;
				DEVELOPMENT_TEAM = PYNP4H8XK8;
				ENABLE_HARDENED_RUNTIME = YES;
				GENERATE_INFOPLIST_FILE = YES;
				INFOPLIST_KEY_CFBundleDisplayName = Lumira;
				INFOPLIST_KEY_LSApplicationCategoryType = "public.app-category.utilities";
				INFOPLIST_KEY_LSUIElement = YES;
				INFOPLIST_KEY_NSHumanReadableCopyright = "";
				INFOPLIST_KEY_NSPrincipalClass = NSApplication;
				LD_RUNPATH_SEARCH_PATHS = (
					"$(inherited)",
					"@executable_path/../Frameworks",
				);
				MARKETING_VERSION = 1.0;
				PRODUCT_BUNDLE_IDENTIFIER = com.alstertouch.AssistAI;
				PRODUCT_NAME = "$(TARGET_NAME)";
				SWIFT_EMIT_LOC_STRINGS = YES;
				SWIFT_VERSION = 5.0;
			};
			name = Debug;
		};
		9ECCB1352A1C2728002F1239 /* Release */ = {
			isa = XCBuildConfiguration;
			buildSettings = {
				ASSETCATALOG_COMPILER_APPICON_NAME = AppIcon;
				ASSETCATALOG_COMPILER_GLOBAL_ACCENT_COLOR_NAME = AccentColor;
				CODE_SIGN_STYLE = Automatic;
				COMBINE_HIDPI_IMAGES = YES;
				CURRENT_PROJECT_VERSION = 1;
				DEVELOPMENT_TEAM = PYNP4H8XK8;
				ENABLE_HARDENED_RUNTIME = YES;
				GENERATE_INFOPLIST_FILE = YES;
				INFOPLIST_KEY_CFBundleDisplayName = Lumira;
				INFOPLIST_KEY_LSApplicationCategoryType = "public.app-category.utilities";
				INFOPLIST_KEY_LSUIElement = YES;
				INFOPLIST_KEY_NSHumanReadableCopyright = "";
				INFOPLIST_KEY_NSPrincipalClass = NSApplication;
				LD_RUNPATH_SEARCH_PATHS = (
					"$(inherited)",
					"@executable_path/../Frameworks",
				);
				MARKETING_VERSION = 1.0;
				PRODUCT_BUNDLE_IDENTIFIER = com.alstertouch.AssistAI;
				PRODUCT_NAME = "$(TARGET_NAME)";
				SWIFT_EMIT_LOC_STRINGS = YES;
				SWIFT_VERSION = 5.0;
			};
			name = Release;
		};
/* End XCBuildConfiguration section */

/* Begin XCConfigurationList section */
		9ECCB0B12A0445B6002F1239 /* Build configuration list for PBXProject "AssistAI" */ = {
			isa = XCConfigurationList;
			buildConfigurations = (
				9ECCB0BB2A0445B6002F1239 /* Debug */,
				9ECCB0BC2A0445B6002F1239 /* Release */,
			);
			defaultConfigurationIsVisible = 0;
			defaultConfigurationName = Release;
		};
		9ECCB1332A1C2728002F1239 /* Build configuration list for PBXNativeTarget "AssistAI" */ = {
			isa = XCConfigurationList;
			buildConfigurations = (
				9ECCB1342A1C2728002F1239 /* Debug */,
				9ECCB1352A1C2728002F1239 /* Release */,
			);
			defaultConfigurationIsVisible = 0;
			defaultConfigurationName = Release;
		};
/* End XCConfigurationList section */
	};
	rootObject = 9ECCB0AE2A0445B6002F1239 /* Project object */;
}
